
Microsoft Visual Studio Solution File, Format Version 11.00
# Visual Studio 2010
Project("{8BC9CEB8-8B4A-11D0-8D11-00A0C91BC942}") = "lesson4", "lesson4.vcxproj", "{E4DDC6C6-8265-4BDB-A7C7-CEC07379400A}"
EndProject
Global
	GlobalSection(SolutionConfigurationPlatforms) = preSolution
		Debug|Win32 = Debug|Win32
		Release|Win32 = Release|Win32
	EndGlobalSection
	GlobalSection(ProjectConfigurationPlatforms) = postSolution
		{E4DDC6C6-8265-4BDB-A7C7-CEC07379400A}.Debug|Win32.ActiveCfg = Debug|Win32
		{E4DDC6C6-8265-4BDB-A7C7-CEC07379400A}.Debug|Win32.Build.0 = Debug|Win32
		{E4DDC6C6-8265-4BDB-A7C7-CEC07379400A}.Release|Win32.ActiveCfg = Release|Win32
		{E4DDC6C6-8265-4BDB-A7C7-CEC07379400A}.Release|Win32.Build.0 = Release|Win32
	EndGlobalSection
	GlobalSection(SolutionProperties) = preSolution
		HideSolutionNode = FALSE
	EndGlobalSection
EndGlobal
